
Microsoft Visual Studio Solution File, Format Version 12.00
# Visual Studio Version 17
VisualStudioVersion = 17.5.33414.496
MinimumVisualStudioVersion = 10.0.40219.1
Project("{9A19103F-16F7-4668-BE54-9A1E7A4F7556}") = "MeasurePerformance", "MeasurePerformance\MeasurePerformance.csproj", "{60B4C27A-20BB-4230-848C-E2021E00FA1B}"
EndProject
Project("{9A19103F-16F7-4668-BE54-9A1E7A4F7556}") = "Updater", "Updater\Updater.csproj", "{8955951C-3B3A-4158-A38D-188F77AB3F9B}"
EndProject
Project("{9A19103F-16F7-4668-BE54-9A1E7A4F7556}") = "Cloner", "Cloner\Cloner.csproj", "{83841409-5CC6-49AE-9A6E-4ACAD02E4875}"
EndProject
Project("{9A19103F-16F7-4668-BE54-9A1E7A4F7556}") = "Updater3", "Updater3\Updater3.csproj", "{41D430EB-7762-44A3-834C-70C50EF3F6CF}"
EndProject
Project("{FAE04EC0-301F-11D3-BF4B-00C04F79EFBC}") = "Updater2", "Updater2\Updater2.csproj", "{1BA9BED4-68A6-4A15-9D72-F589EBB7CDA1}"
EndProject
Project("{9A19103F-16F7-4668-BE54-9A1E7A4F7556}") = "Updater4", "Updater4\Updater4.csproj", "{4F913F3A-0F04-46BB-8488-068124287F8C}"
EndProject
Project("{9A19103F-16F7-4668-BE54-9A1E7A4F7556}") = "Dokimion", "Dokimion\Dokimion.csproj", "{D103DE4F-4C72-4766-97BC-7A624212E7A3}"
EndProject
Project("{FAE04EC0-301F-11D3-BF4B-00C04F79EFBC}") = "GitHubToDokimion", "GitHubToDokimion\GitHubToDokimion.csproj", "{F4BD8FD4-5F71-4029-A705-9B63959A46CE}"
EndProject
Global
	GlobalSection(SolutionConfigurationPlatforms) = preSolution
		Debug|Any CPU = Debug|Any CPU
		Release|Any CPU = Release|Any CPU
	EndGlobalSection
	GlobalSection(ProjectConfigurationPlatforms) = postSolution
		{60B4C27A-20BB-4230-848C-E2021E00FA1B}.Debug|Any CPU.ActiveCfg = Debug|Any CPU
		{60B4C27A-20BB-4230-848C-E2021E00FA1B}.Debug|Any CPU.Build.0 = Debug|Any CPU
		{60B4C27A-20BB-4230-848C-E2021E00FA1B}.Release|Any CPU.ActiveCfg = Release|Any CPU
		{60B4C27A-20BB-4230-848C-E2021E00FA1B}.Release|Any CPU.Build.0 = Release|Any CPU
		{8955951C-3B3A-4158-A38D-188F77AB3F9B}.Debug|Any CPU.ActiveCfg = Debug|Any CPU
		{8955951C-3B3A-4158-A38D-188F77AB3F9B}.Debug|Any CPU.Build.0 = Debug|Any CPU
		{8955951C-3B3A-4158-A38D-188F77AB3F9B}.Release|Any CPU.ActiveCfg = Release|Any CPU
		{8955951C-3B3A-4158-A38D-188F77AB3F9B}.Release|Any CPU.Build.0 = Release|Any CPU
		{83841409-5CC6-49AE-9A6E-4ACAD02E4875}.Debug|Any CPU.ActiveCfg = Debug|Any CPU
		{83841409-5CC6-49AE-9A6E-4ACAD02E4875}.Debug|Any CPU.Build.0 = Debug|Any CPU
		{83841409-5CC6-49AE-9A6E-4ACAD02E4875}.Release|Any CPU.ActiveCfg = Release|Any CPU
		{83841409-5CC6-49AE-9A6E-4ACAD02E4875}.Release|Any CPU.Build.0 = Release|Any CPU
		{41D430EB-7762-44A3-834C-70C50EF3F6CF}.Debug|Any CPU.ActiveCfg = Debug|Any CPU
		{41D430EB-7762-44A3-834C-70C50EF3F6CF}.Debug|Any CPU.Build.0 = Debug|Any CPU
		{41D430EB-7762-44A3-834C-70C50EF3F6CF}.Release|Any CPU.ActiveCfg = Release|Any CPU
		{41D430EB-7762-44A3-834C-70C50EF3F6CF}.Release|Any CPU.Build.0 = Release|Any CPU
		{1BA9BED4-68A6-4A15-9D72-F589EBB7CDA1}.Debug|Any CPU.ActiveCfg = Debug|Any CPU
		{1BA9BED4-68A6-4A15-9D72-F589EBB7CDA1}.Debug|Any CPU.Build.0 = Debug|Any CPU
		{1BA9BED4-68A6-4A15-9D72-F589EBB7CDA1}.Release|Any CPU.ActiveCfg = Release|Any CPU
		{1BA9BED4-68A6-4A15-9D72-F589EBB7CDA1}.Release|Any CPU.Build.0 = Release|Any CPU
		{4F913F3A-0F04-46BB-8488-068124287F8C}.Debug|Any CPU.ActiveCfg = Debug|Any CPU
		{4F913F3A-0F04-46BB-8488-068124287F8C}.Debug|Any CPU.Build.0 = Debug|Any CPU
		{4F913F3A-0F04-46BB-8488-068124287F8C}.Release|Any CPU.ActiveCfg = Release|Any CPU
		{4F913F3A-0F04-46BB-8488-068124287F8C}.Release|Any CPU.Build.0 = Release|Any CPU
		{D103DE4F-4C72-4766-97BC-7A624212E7A3}.Debug|Any CPU.ActiveCfg = Debug|Any CPU
		{D103DE4F-4C72-4766-97BC-7A624212E7A3}.Debug|Any CPU.Build.0 = Debug|Any CPU
		{D103DE4F-4C72-4766-97BC-7A624212E7A3}.Release|Any CPU.ActiveCfg = Release|Any CPU
		{D103DE4F-4C72-4766-97BC-7A624212E7A3}.Release|Any CPU.Build.0 = Release|Any CPU
		{F4BD8FD4-5F71-4029-A705-9B63959A46CE}.Debug|Any CPU.ActiveCfg = Debug|Any CPU
		{F4BD8FD4-5F71-4029-A705-9B63959A46CE}.Debug|Any CPU.Build.0 = Debug|Any CPU
		{F4BD8FD4-5F71-4029-A705-9B63959A46CE}.Release|Any CPU.ActiveCfg = Release|Any CPU
		{F4BD8FD4-5F71-4029-A705-9B63959A46CE}.Release|Any CPU.Build.0 = Release|Any CPU
	EndGlobalSection
	GlobalSection(SolutionProperties) = preSolution
		HideSolutionNode = FALSE
	EndGlobalSection
	GlobalSection(ExtensibilityGlobals) = postSolution
		SolutionGuid = {F3D66734-8054-44A9-8BCF-BA5AAF44CBFD}
	EndGlobalSection
EndGlobal
